{
  "lockfileVersion": 1,
  "workspaces": {
    "": {
      "name": "netlify-tirne",
      "dependencies": {
        "tirne": "^0.1.6",
      },
      "devDependencies": {
        "@types/bun": "latest",
      },
      "peerDependencies": {
        "typescript": "^5",
      },
    },
  },
  "packages": {
    "@oven/bun-darwin-aarch64": ["@oven/bun-darwin-aarch64@1.2.16", "", { "os": "darwin", "cpu": "arm64" }, "sha512-NLVU9YDORq/3WuJOE5TQv5of3R99n56gYZPfdqP4U0/5nllbC8yzRxA2BWwAS2RxxD0Y3bxqEVUsIGiTNN2jxg=="],

    "@oven/bun-darwin-x64": ["@oven/bun-darwin-x64@1.2.16", "", { "os": "darwin", "cpu": "x64" }, "sha512-HpcSVCTH9n+9bG2zu3OUJ9h22m6HzNgZpqib9r4NEVZg7Z2U86bOUMKlTCA0ZANaWsK9czl2VIhMWbLF4fgvLA=="],

    "@oven/bun-darwin-x64-baseline": ["@oven/bun-darwin-x64-baseline@1.2.16", "", { "os": "darwin", "cpu": "x64" }, "sha512-FtKr6FwLN+QfrF0/vJtOwBMU72krmrHlxhRSElbKEOWox2n2vWSZ/sNNkHePEsrxGfqaHC5GhEZk2lnaZTavBQ=="],

    "@oven/bun-linux-aarch64": ["@oven/bun-linux-aarch64@1.2.16", "", { "os": "linux", "cpu": "arm64" }, "sha512-nd0eZhihfgrDtfI/NdEqOAQ8KY87SWNQLZKjRB8WoYkqcY1BGwtZqvJOc2bEn2oERJ8K2etJRynXz+MKngiYxw=="],

    "@oven/bun-linux-aarch64-musl": ["@oven/bun-linux-aarch64-musl@1.2.16", "", { "os": "linux", "cpu": "none" }, "sha512-MhvQ0hecunZnbac9cEOqA1CGk/ISDhhnF35i9l90Jgc/osfgGndViLkMp3wk1EO5UG4/Kbil1OlfLmyOHKq0SQ=="],

    "@oven/bun-linux-x64": ["@oven/bun-linux-x64@1.2.16", "", { "os": "linux", "cpu": "x64" }, "sha512-qYUXPXbT4S+MImv51+dLBHKFYy40QIowwCRtzUFGf3TG+9MQQUXHNXryMNSdHveHqecd9rO1EIQ8hroAPBl+Sg=="],

    "@oven/bun-linux-x64-baseline": ["@oven/bun-linux-x64-baseline@1.2.16", "", { "os": "linux", "cpu": "x64" }, "sha512-ZysDeqDfUAqKrQu2R+ddRgSCY30qSnn0LQLr6fAm7Pw9lU2yhWVNa8R3DavddmZQc1vUw6j3ITIAE+DDT9OBCg=="],

    "@oven/bun-linux-x64-musl": ["@oven/bun-linux-x64-musl@1.2.16", "", { "os": "linux", "cpu": "x64" }, "sha512-6o5Oi5ARKYErF6nIBrewxtl20PGhM97faPemJ+v26D47dRNAlUWN5lMVuOqZOhYjqzOe4V+NpxIFBHtXWEmoNQ=="],

    "@oven/bun-linux-x64-musl-baseline": ["@oven/bun-linux-x64-musl-baseline@1.2.16", "", { "os": "linux", "cpu": "x64" }, "sha512-cWwny3cxYkvV9fYnSDb2brXodWV7IcG+Bwd3q3b8OUYbeC3ekHN3zm+TYdSxIVhMm7z46CkiDz5QnnQWVVfZ5A=="],

    "@oven/bun-windows-x64": ["@oven/bun-windows-x64@1.2.16", "", { "os": "win32", "cpu": "x64" }, "sha512-1xUlHHbMZ3DMZlEcppBAQ5vQDgNHDMIGB/AXO+dxQJl/3GiO/Ek4pMDzcqMnlbGDaDcTmTXyZ6cEXEF4C2qygQ=="],

    "@oven/bun-windows-x64-baseline": ["@oven/bun-windows-x64-baseline@1.2.16", "", { "os": "win32", "cpu": "x64" }, "sha512-tHdtHqH6c5ScNusLWOzZCTeuV2rSc3mvlLQQ+DYefTy+XwtjXmY47MbBSgNuBWVYePIob9BqDFOtTHYIWRZTww=="],

    "@types/bun": ["@types/bun@1.2.16", "", { "dependencies": { "bun-types": "1.2.16" } }, "sha512-1aCZJ/6nSiViw339RsaNhkNoEloLaPzZhxMOYEa7OzRzO41IGg5n/7I43/ZIAW/c+Q6cT12Vf7fOZOoVIzb5BQ=="],

    "@types/node": ["@types/node@24.0.1", "", { "dependencies": { "undici-types": "~7.8.0" } }, "sha512-MX4Zioh39chHlDJbKmEgydJDS3tspMP/lnQC67G3SWsTnb9NeYVWOjkxpOSy4oMfPs4StcWHwBrvUb4ybfnuaw=="],

    "bun": ["bun@1.2.16", "", { "optionalDependencies": { "@oven/bun-darwin-aarch64": "1.2.16", "@oven/bun-darwin-x64": "1.2.16", "@oven/bun-darwin-x64-baseline": "1.2.16", "@oven/bun-linux-aarch64": "1.2.16", "@oven/bun-linux-aarch64-musl": "1.2.16", "@oven/bun-linux-x64": "1.2.16", "@oven/bun-linux-x64-baseline": "1.2.16", "@oven/bun-linux-x64-musl": "1.2.16", "@oven/bun-linux-x64-musl-baseline": "1.2.16", "@oven/bun-windows-x64": "1.2.16", "@oven/bun-windows-x64-baseline": "1.2.16" }, "os": [ "linux", "win32", "darwin", ], "cpu": [ "x64", "arm64", ], "bin": { "bun": "bin/bun.exe", "bunx": "bin/bun.exe" } }, "sha512-sjZH6rr1P6yu44+XPA8r+ZojwmK9Kbz9lO6KAA/4HRIupdpC31k7b93crLBm19wEYmd6f2+3+57/7tbOcmHbGg=="],

    "bun-types": ["bun-types@1.2.16", "", { "dependencies": { "@types/node": "*" } }, "sha512-ciXLrHV4PXax9vHvUrkvun9VPVGOVwbbbBF/Ev1cXz12lyEZMoJpIJABOfPcN9gDJRaiKF9MVbSygLg4NXu3/A=="],

    "tirne": ["tirne@0.1.6", "", { "dependencies": { "bun": "^1.2.15" } }, "sha512-EN6ih6kj/qtCONS4jGnePBZN85gsXn39VICZ8IRULcp7l6gNosNmMTeyUP4IH3IeO90KyovAJz+yB5l2JnKAKA=="],

    "typescript": ["typescript@5.8.3", "", { "bin": { "tsc": "bin/tsc", "tsserver": "bin/tsserver" } }, "sha512-p1diW6TqL9L07nNxvRMM7hMMw4c5XOo/1ibL4aAIGmSAt9slTE1Xgw5KWuof2uTOvCg9BY7ZRi+GaF+7sfgPeQ=="],

    "undici-types": ["undici-types@7.8.0", "", {}, "sha512-9UJ2xGDvQ43tYyVMpuHlsgApydB8ZKfVYTsLDhXkFL/6gfkp+U8xTGdh8pMJv1SpZna0zxG1DwsKZsreLbXBxw=="],
  }
}
