{
  "version": "5",
  "redirects": {
    "https://deno.land/x/tirne/mod.ts": "https://deno.land/x/tirne@v1.0.2/mod.ts"
  },
  "remote": {
    "https://deno.land/x/tirne@v1.0.2/mod.ts": "a80c5a8ddd33726295f1871e8c207ff811306b09b279a134357c816b8c41938e",
    "https://deno.land/x/tirne@v1.0.2/src/context.ts": "86cad181b4e31888ed7186c22b5359ba2cc3df1aa3b1e80465670912a87c320b",
    "https://deno.land/x/tirne@v1.0.2/src/middleware.ts": "aa12090e1484e3a0880efd8cfc1f88891836abff18b862f3eb11e7e444a4c39b",
    "https://deno.land/x/tirne@v1.0.2/src/parallel.ts": "79ad7a8026fb54b9ee886f31fac4a0d2f78735697519a6569ebe49c4bef607a2",
    "https://deno.land/x/tirne@v1.0.2/src/response.ts": "b0a5b2a657b85c72f4dc750f694e2e4f2b156f9f6253fee346b053e68fbc285a",
    "https://deno.land/x/tirne@v1.0.2/src/result.ts": "3f7d14c97d38e8a1ddf924a24af82934f37553c003b12fcdf55145f77a5acd52",
    "https://deno.land/x/tirne@v1.0.2/src/router.ts": "cfe3b653c7cba5dd7cc2ef3d7450eb305fa1337cc24a8b2bd39f2e5f20e1728a"
  }
}
